# This file is generated by running "yarn install" inside your project.
# Manual changes might be lost - proceed with caution!

__metadata:
  version: 6
  cacheKey: 8

"@airun/builder@workspace:apps/builder":
  version: 0.0.0-use.local
  resolution: "@airun/builder@workspace:apps/builder"
  dependencies:
    "@airun/client": "workspace:*"
    "@airun/flow-builder": "workspace:*"
  languageName: unknown
  linkType: soft

"@airun/cli@workspace:packages/cli":
  version: 0.0.0-use.local
  resolution: "@airun/cli@workspace:packages/cli"
  dependencies:
    "@airun/compiler": "workspace:*"
    "@airun/schema": "workspace:*"
    "@airun/tsconfig": "workspace:*"
    typescript: ^5.5.4
  bin:
    airun: ./dist/index.js
  languageName: unknown
  linkType: soft

"@airun/client@workspace:*, @airun/client@workspace:packages/client":
  version: 0.0.0-use.local
  resolution: "@airun/client@workspace:packages/client"
  dependencies:
    "@airun/schema": "workspace:*"
    "@airun/tsconfig": "workspace:*"
    typescript: ^5.5.4
  languageName: unknown
  linkType: soft

"@airun/compiler@workspace:*, @airun/compiler@workspace:packages/compiler":
  version: 0.0.0-use.local
  resolution: "@airun/compiler@workspace:packages/compiler"
  dependencies:
    "@airun/node-registry": "workspace:*"
    "@airun/schema": "workspace:*"
    "@airun/tsconfig": "workspace:*"
    typescript: ^5.5.4
  languageName: unknown
  linkType: soft

"@airun/dashboard@workspace:apps/dashboard":
  version: 0.0.0-use.local
  resolution: "@airun/dashboard@workspace:apps/dashboard"
  dependencies:
    "@airun/client": "workspace:*"
  languageName: unknown
  linkType: soft

"@airun/docs@workspace:apps/docs":
  version: 0.0.0-use.local
  resolution: "@airun/docs@workspace:apps/docs"
  languageName: unknown
  linkType: soft

"@airun/eslint-config@workspace:tooling/eslint-config":
  version: 0.0.0-use.local
  resolution: "@airun/eslint-config@workspace:tooling/eslint-config"
  languageName: unknown
  linkType: soft

"@airun/eval@workspace:packages/eval":
  version: 0.0.0-use.local
  resolution: "@airun/eval@workspace:packages/eval"
  dependencies:
    "@airun/schema": "workspace:*"
    "@airun/sdk": "workspace:*"
    "@airun/tsconfig": "workspace:*"
    typescript: ^5.5.4
  languageName: unknown
  linkType: soft

"@airun/flow-builder@workspace:*, @airun/flow-builder@workspace:packages/flow-builder":
  version: 0.0.0-use.local
  resolution: "@airun/flow-builder@workspace:packages/flow-builder"
  dependencies:
    "@airun/client": "workspace:*"
    "@airun/compiler": "workspace:*"
    "@airun/node-registry": "workspace:*"
    "@airun/tsconfig": "workspace:*"
    "@types/react": ^18.3.3
    "@types/react-dom": ^18.3.0
    react: ^18.3.1
    react-dom: ^18.3.1
    reactflow: ^11.11.4
    typescript: ^5.5.4
  peerDependencies:
    react: ^18 || ^19
    react-dom: ^18 || ^19
  languageName: unknown
  linkType: soft

"@airun/node-registry@workspace:*, @airun/node-registry@workspace:packages/node-registry":
  version: 0.0.0-use.local
  resolution: "@airun/node-registry@workspace:packages/node-registry"
  dependencies:
    "@airun/schema": "workspace:*"
    "@airun/tsconfig": "workspace:*"
    typescript: ^5.5.4
  languageName: unknown
  linkType: soft

"@airun/runtime@workspace:packages/runtime":
  version: 0.0.0-use.local
  resolution: "@airun/runtime@workspace:packages/runtime"
  dependencies:
    "@airun/schema": "workspace:*"
    "@airun/sdk": "workspace:*"
    "@airun/tsconfig": "workspace:*"
    typescript: ^5.5.4
  languageName: unknown
  linkType: soft

"@airun/schema@workspace:*, @airun/schema@workspace:packages/schema":
  version: 0.0.0-use.local
  resolution: "@airun/schema@workspace:packages/schema"
  dependencies:
    "@airun/tsconfig": "workspace:*"
    typescript: ^5.5.4
    zod: ^3.23.8
  languageName: unknown
  linkType: soft

"@airun/sdk@workspace:*, @airun/sdk@workspace:packages/sdk":
  version: 0.0.0-use.local
  resolution: "@airun/sdk@workspace:packages/sdk"
  dependencies:
    "@airun/tsconfig": "workspace:*"
    typescript: ^5.5.4
  languageName: unknown
  linkType: soft

"@airun/tsconfig@workspace:*, @airun/tsconfig@workspace:tooling/tsconfig":
  version: 0.0.0-use.local
  resolution: "@airun/tsconfig@workspace:tooling/tsconfig"
  languageName: unknown
  linkType: soft

"@reactflow/background@npm:11.3.14":
  version: 11.3.14
  resolution: "@reactflow/background@npm:11.3.14"
  dependencies:
    "@reactflow/core": 11.11.4
    classcat: ^5.0.3
    zustand: ^4.4.1
  peerDependencies:
    react: ">=17"
    react-dom: ">=17"
  checksum: f16e85554f0027d450d1e5993e2a301007bceb8083b0062e38f095fabfc16cd6b69a8202a713a1a60e74f05ba1188e998852b532e22f05219e39c33aafaf39f9
  languageName: node
  linkType: hard

"@reactflow/controls@npm:11.2.14":
  version: 11.2.14
  resolution: "@reactflow/controls@npm:11.2.14"
  dependencies:
    "@reactflow/core": 11.11.4
    classcat: ^5.0.3
    zustand: ^4.4.1
  peerDependencies:
    react: ">=17"
    react-dom: ">=17"
  checksum: 3e95782a125230cfada82986e64f65befd7fc36ce96891c22a524891d8b181d7e3065f5759156db5a5d5d96b07d4b997d73b3d2ce0ff6bbb506b37a0c3c69ec1
  languageName: node
  linkType: hard

"@reactflow/core@npm:11.11.4":
  version: 11.11.4
  resolution: "@reactflow/core@npm:11.11.4"
  dependencies:
    "@types/d3": ^7.4.0
    "@types/d3-drag": ^3.0.1
    "@types/d3-selection": ^3.0.3
    "@types/d3-zoom": ^3.0.1
    classcat: ^5.0.3
    d3-drag: ^3.0.0
    d3-selection: ^3.0.0
    d3-zoom: ^3.0.0
    zustand: ^4.4.1
  peerDependencies:
    react: ">=17"
    react-dom: ">=17"
  checksum: ba0fb8460abcfe6a5a771da820c9e67a8dd695c762d8fcca6217daa2591b36ef88117848d649103a18d72e06f639e23f5e4dc0388855d881b8588be2059cfc08
  languageName: node
  linkType: hard

"@reactflow/minimap@npm:11.7.14":
  version: 11.7.14
  resolution: "@reactflow/minimap@npm:11.7.14"
  dependencies:
    "@reactflow/core": 11.11.4
    "@types/d3-selection": ^3.0.3
    "@types/d3-zoom": ^3.0.1
    classcat: ^5.0.3
    d3-selection: ^3.0.0
    d3-zoom: ^3.0.0
    zustand: ^4.4.1
  peerDependencies:
    react: ">=17"
    react-dom: ">=17"
  checksum: 991300edff55315af9c3b28aa7de565af8bf5ca1a0e5363ccba6ec4b2c47803138dd467de490438fb0d2edc9506767acdbf3bb9ca894b082c4f2bfb489535240
  languageName: node
  linkType: hard

"@reactflow/node-resizer@npm:2.2.14":
  version: 2.2.14
  resolution: "@reactflow/node-resizer@npm:2.2.14"
  dependencies:
    "@reactflow/core": 11.11.4
    classcat: ^5.0.4
    d3-drag: ^3.0.0
    d3-selection: ^3.0.0
    zustand: ^4.4.1
  peerDependencies:
    react: ">=17"
    react-dom: ">=17"
  checksum: ffe4bc3734688885293068617340dfb0ab50b653d886c200ed0bc076abe60c836a8e4e4120d5b10a8028aabab717de2f851ac411066e2281114d5ad55ba7ac6d
  languageName: node
  linkType: hard

"@reactflow/node-toolbar@npm:1.3.14":
  version: 1.3.14
  resolution: "@reactflow/node-toolbar@npm:1.3.14"
  dependencies:
    "@reactflow/core": 11.11.4
    classcat: ^5.0.3
    zustand: ^4.4.1
  peerDependencies:
    react: ">=17"
    react-dom: ">=17"
  checksum: 6c5f0cb497fb8ba81b91f3f4b590c7e0d3cf69bf3038bf1a96db1df53a82d68c389ae584482e85c35bdd4bd1d5c764687b13fbe72c9e75828d830aa875527da7
  languageName: node
  linkType: hard

"@turbo/darwin-64@npm:2.9.16":
  version: 2.9.16
  resolution: "@turbo/darwin-64@npm:2.9.16"
  conditions: os=darwin & cpu=x64
  languageName: node
  linkType: hard

"@turbo/darwin-arm64@npm:2.9.16":
  version: 2.9.16
  resolution: "@turbo/darwin-arm64@npm:2.9.16"
  conditions: os=darwin & cpu=arm64
  languageName: node
  linkType: hard

"@turbo/linux-64@npm:2.9.16":
  version: 2.9.16
  resolution: "@turbo/linux-64@npm:2.9.16"
  conditions: os=linux & cpu=x64
  languageName: node
  linkType: hard

"@turbo/linux-arm64@npm:2.9.16":
  version: 2.9.16
  resolution: "@turbo/linux-arm64@npm:2.9.16"
  conditions: os=linux & cpu=arm64
  languageName: node
  linkType: hard

"@turbo/windows-64@npm:2.9.16":
  version: 2.9.16
  resolution: "@turbo/windows-64@npm:2.9.16"
  conditions: os=win32 & cpu=x64
  languageName: node
  linkType: hard

"@turbo/windows-arm64@npm:2.9.16":
  version: 2.9.16
  resolution: "@turbo/windows-arm64@npm:2.9.16"
  conditions: os=win32 & cpu=arm64
  languageName: node
  linkType: hard

"@types/d3-array@npm:*":
  version: 3.2.2
  resolution: "@types/d3-array@npm:3.2.2"
  checksum: 72e8e2abe0911cb431d6f3fe0a1f71b915356b679d4d9c826f52941bb30210c0fe8299dde066b08d9986754c620f031b13b13ab6dfc60d404eceab66a075dd5d
  languageName: node
  linkType: hard

"@types/d3-axis@npm:*":
  version: 3.0.6
  resolution: "@types/d3-axis@npm:3.0.6"
  dependencies:
    "@types/d3-selection": "*"
  checksum: ea1065d9e6d134c04427763603cbe9d549b8b5785b8ae0d002b5b14a362619d5b8f5ee3c2fda8b36b7e5a413cbcd387e1a2d89898b919a9f0cc91ad4e67b5ab5
  languageName: node
  linkType: hard

"@types/d3-brush@npm:*":
  version: 3.0.6
  resolution: "@types/d3-brush@npm:3.0.6"
  dependencies:
    "@types/d3-selection": "*"
  checksum: e5166bc53e5c914b1fed0a6ce55ca14d76ae11c5afd16b724b8ae47989e977c4af02bb07496d1ccd0a77f4ccd9a2ca7345e1d289bcfce16490fe4b39a9e0d170
  languageName: node
  linkType: hard

"@types/d3-chord@npm:*":
  version: 3.0.6
  resolution: "@types/d3-chord@npm:3.0.6"
  checksum: b511cf372ed8a0086d37a715c0d4aca811b614454e1f7c1561fbcd46863beaccdb115d274a7a992a30a8218393fbc3e1fdd7ca6e9d572e729a4570002c327083
  languageName: node
  linkType: hard

"@types/d3-color@npm:*":
  version: 3.1.3
  resolution: "@types/d3-color@npm:3.1.3"
  checksum: 8a0e79a709929502ec4effcee2c786465b9aec51b653ba0b5d05dbfec3e84f418270dd603002d94021885061ff592f614979193bd7a02ad76317f5608560e357
  languageName: node
  linkType: hard

"@types/d3-contour@npm:*":
  version: 3.0.6
  resolution: "@types/d3-contour@npm:3.0.6"
  dependencies:
    "@types/d3-array": "*"
    "@types/geojson": "*"
  checksum: 83c13eb0567e95d6675d6d81cbeab38d0899c5af70a7c69354e23e0860ddb2f3e911d2cacd33a8baa60ce7846b38785a337b2d7c8d2763a1340bfb999b4bd2ab
  languageName: node
  linkType: hard

"@types/d3-delaunay@npm:*":
  version: 6.0.4
  resolution: "@types/d3-delaunay@npm:6.0.4"
  checksum: 502fe0eb91f7d05b0f57904d68028c24348a54b1e5458009caf662de995d0e59bd82cd701b4af0087d614ee9e456d415fe32d63c25272ca753bf12b3f27b2d77
  languageName: node
  linkType: hard

"@types/d3-dispatch@npm:*":
  version: 3.0.7
  resolution: "@types/d3-dispatch@npm:3.0.7"
  checksum: ce7ab5a7d5c64aacf563797c0c61f3862b9ff687cb35470fe462219f09e402185646f51707339beede616586d92ded6974c3958dbeb15e35a85b1ecfafdf13a8
  languageName: node
  linkType: hard

"@types/d3-drag@npm:*, @types/d3-drag@npm:^3.0.1":
  version: 3.0.7
  resolution: "@types/d3-drag@npm:3.0.7"
  dependencies:
    "@types/d3-selection": "*"
  checksum: 1107cb1667ead79073741c06ea4a9e8e4551698f6c9c60821e327a6aa30ca2ba0b31a6fe767af85a2e38a22d2305f6c45b714df15c2bba68adf58978223a5fc5
  languageName: node
  linkType: hard

"@types/d3-dsv@npm:*":
  version: 3.0.7
  resolution: "@types/d3-dsv@npm:3.0.7"
  checksum: 5025e01459827d09d14e0d00281995a04042ce9e3e76444c5a65466c1d29649d82cbfaa9251e33837bf576f5c587525d8d8ff5aacc6bd3b831824d54449261b9
  languageName: node
  linkType: hard

"@types/d3-ease@npm:*":
  version: 3.0.2
  resolution: "@types/d3-ease@npm:3.0.2"
  checksum: 0885219966294bfc99548f37297e1c75e75da812a5f3ec941977ebb57dcab0a25acec5b2bbd82d09a49d387daafca08521ca269b7e4c27ddca7768189e987b54
  languageName: node
  linkType: hard

"@types/d3-fetch@npm:*":
  version: 3.0.7
  resolution: "@types/d3-fetch@npm:3.0.7"
  dependencies:
    "@types/d3-dsv": "*"
  checksum: e60cf60b25cbc49b2066ac2a3638f610c7379000562b0f499dd90fd57a8cb9740c24667a70496c2a66456d42867afeffb1722a75b26d95e7d7ee8667d96b0b36
  languageName: node
  linkType: hard

"@types/d3-force@npm:*":
  version: 3.0.10
  resolution: "@types/d3-force@npm:3.0.10"
  checksum: 0faf1321ddd85f7bf25769ee97513b380a897791ad1cd6c4282f09e0108e566132fad80f4c73cdb592a352139b22388d3c77458298a00f92ef72e27019fb33c7
  languageName: node
  linkType: hard

"@types/d3-format@npm:*":
  version: 3.0.4
  resolution: "@types/d3-format@npm:3.0.4"
  checksum: e69421cd93861a0c080084b0b23d4a5d6a427497559e46898189002fb756dae2c7c858b465308f6bcede7272b90e39ce8adab810bded2309035a5d9556c59134
  languageName: node
  linkType: hard

"@types/d3-geo@npm:*":
  version: 3.1.0
  resolution: "@types/d3-geo@npm:3.1.0"
  dependencies:
    "@types/geojson": "*"
  checksum: a4b2daa8a64012912ce7186891e8554af123925dca344c111b771e168a37477e02d504c6c94ee698440380e8c4f3f373d6755be97935da30eae0904f6745ce40
  languageName: node
  linkType: hard

"@types/d3-hierarchy@npm:*":
  version: 3.1.7
  resolution: "@types/d3-hierarchy@npm:3.1.7"
  checksum: 69746b3a65e0fe0ceb3ffcb1a8840a61e271eadb32eccb5034f0fce036d24801aef924ee45b99246580c9f7c81839ab0555f776a11773d82e860d522a2ff1c0e
  languageName: node
  linkType: hard

"@types/d3-interpolate@npm:*":
  version: 3.0.4
  resolution: "@types/d3-interpolate@npm:3.0.4"
  dependencies:
    "@types/d3-color": "*"
  checksum: efd2770e174e84fc7316fdafe03cf3688451f767dde1fa6211610137f495be7f3923db7e1723a6961a0e0e9ae0ed969f4f47c038189fa0beb1d556b447922622
  languageName: node
  linkType: hard

"@types/d3-path@npm:*":
  version: 3.1.1
  resolution: "@types/d3-path@npm:3.1.1"
  checksum: fee8f6b0d3b28a3611c7d7fda3bf2f79392ded266f54b03a220f205c42117644bdcd33dcbf4853da3cca02229f1c669d2a60d5d297a24ce459ba8271ccb26c03
  languageName: node
  linkType: hard

"@types/d3-polygon@npm:*":
  version: 3.0.2
  resolution: "@types/d3-polygon@npm:3.0.2"
  checksum: 7cf1eadb54f02dd3617512b558f4c0f3811f8a6a8c887d9886981c3cc251db28b68329b2b0707d9f517231a72060adbb08855227f89bef6ef30caedc0a67cab2
  languageName: node
  linkType: hard

"@types/d3-quadtree@npm:*":
  version: 3.0.6
  resolution: "@types/d3-quadtree@npm:3.0.6"
  checksum: 631fb1a50dbe4fb0c97574891b180ec3d6a0f524bbd8aee8dfd44eda405e7ed1ca2b03d5568a35f697d09e5e4b598117e149236874b0c8764979a3d6242bb0bc
  languageName: node
  linkType: hard

"@types/d3-random@npm:*":
  version: 3.0.3
  resolution: "@types/d3-random@npm:3.0.3"
  checksum: 33285b57768a724d2466ac1deec002432805c9df3e475ffb7f7fec66681cfe3e18d2f68b7f8ba45f400b274907bbebfe8adff14c9a97ef1987e476135e784925
  languageName: node
  linkType: hard

"@types/d3-scale-chromatic@npm:*":
  version: 3.1.0
  resolution: "@types/d3-scale-chromatic@npm:3.1.0"
  checksum: cb7b86deac077c7c217a52a3f658cdfb812cff8708404fbfe54918c03ead545e1df87df377e9c4eab21c9d6c1aeee6471320e02a5b6b27e2e3f786a12a82ab02
  languageName: node
  linkType: hard

"@types/d3-scale@npm:*":
  version: 4.0.9
  resolution: "@types/d3-scale@npm:4.0.9"
  dependencies:
    "@types/d3-time": "*"
  checksum: c44265a38e538983686b1b8d159abfb4e81c09b33316f3a68f0f372d38400fa950ad531644d25230cc7b48ea5adb50270fc54823f088979ade62dcd0225f7aa3
  languageName: node
  linkType: hard

"@types/d3-selection@npm:*, @types/d3-selection@npm:^3.0.3":
  version: 3.0.11
  resolution: "@types/d3-selection@npm:3.0.11"
  checksum: 4b76630f76dffdafc73cdc786d73e7b4c96f40546483074b3da0e7fe83fd7f5ed9bc6c50f79bcef83595f943dcc9ed6986953350f39371047af644cc39c41b43
  languageName: node
  linkType: hard

"@types/d3-shape@npm:*":
  version: 3.1.8
  resolution: "@types/d3-shape@npm:3.1.8"
  dependencies:
    "@types/d3-path": "*"
  checksum: 659d51882dccc85d24817bdbcd50589212d12e24eb2aad19bae073665ed25443026e120966faa8523f0412f8a30f7c16002499cea3eb87d25b3011e0ee42e6a2
  languageName: node
  linkType: hard

"@types/d3-time-format@npm:*":
  version: 4.0.3
  resolution: "@types/d3-time-format@npm:4.0.3"
  checksum: e981fc9780697a9d8c5d1ddf1167d9c6bc28e4e610afddff1384fe55e6eb52cb65309b2a0a1d4cf817413b0a80b9f1a652fe0b2cb8054ace4eafff80a6093aa5
  languageName: node
  linkType: hard

"@types/d3-time@npm:*":
  version: 3.0.4
  resolution: "@types/d3-time@npm:3.0.4"
  checksum: 0c296884571ce70c4bbd4ea9cd1c93c0c8aee602c6c806b056187dd4ee49daf70c2f41da94b25ba0d796edf8ca83cbb87fe6d1cdda7ca669ab800170ece1c12b
  languageName: node
  linkType: hard

"@types/d3-timer@npm:*":
  version: 3.0.2
  resolution: "@types/d3-timer@npm:3.0.2"
  checksum: 1643eebfa5f4ae3eb00b556bbc509444d88078208ec2589ddd8e4a24f230dd4cf2301e9365947e70b1bee33f63aaefab84cd907822aae812b9bc4871b98ab0e1
  languageName: node
  linkType: hard

"@types/d3-transition@npm:*":
  version: 3.0.9
  resolution: "@types/d3-transition@npm:3.0.9"
  dependencies:
    "@types/d3-selection": "*"
  checksum: c8608b1ac7cf09acfe387f3d41074631adcdfd7f2c8ca2efb378309adf0e9fc8469dbcf0d7a8c40fd1f03f2d2bf05fcda0cde7aa356ae8533a141dcab4dff221
  languageName: node
  linkType: hard

"@types/d3-zoom@npm:*, @types/d3-zoom@npm:^3.0.1":
  version: 3.0.8
  resolution: "@types/d3-zoom@npm:3.0.8"
  dependencies:
    "@types/d3-interpolate": "*"
    "@types/d3-selection": "*"
  checksum: a1685728949ed39faf8ce162cc13338639c57bc2fd4d55fc7902b2632cad2bc2a808941263e57ce6685647e8a6a0a556e173386a52d6bb74c9ed6195b68be3de
  languageName: node
  linkType: hard

"@types/d3@npm:^7.4.0":
  version: 7.4.3
  resolution: "@types/d3@npm:7.4.3"
  dependencies:
    "@types/d3-array": "*"
    "@types/d3-axis": "*"
    "@types/d3-brush": "*"
    "@types/d3-chord": "*"
    "@types/d3-color": "*"
    "@types/d3-contour": "*"
    "@types/d3-delaunay": "*"
    "@types/d3-dispatch": "*"
    "@types/d3-drag": "*"
    "@types/d3-dsv": "*"
    "@types/d3-ease": "*"
    "@types/d3-fetch": "*"
    "@types/d3-force": "*"
    "@types/d3-format": "*"
    "@types/d3-geo": "*"
    "@types/d3-hierarchy": "*"
    "@types/d3-interpolate": "*"
    "@types/d3-path": "*"
    "@types/d3-polygon": "*"
    "@types/d3-quadtree": "*"
    "@types/d3-random": "*"
    "@types/d3-scale": "*"
    "@types/d3-scale-chromatic": "*"
    "@types/d3-selection": "*"
    "@types/d3-shape": "*"
    "@types/d3-time": "*"
    "@types/d3-time-format": "*"
    "@types/d3-timer": "*"
    "@types/d3-transition": "*"
    "@types/d3-zoom": "*"
  checksum: 12234aa093c8661546168becdd8956e892b276f525d96f65a7b32fed886fc6a569fe5a1171bff26fef2a5663960635f460c9504a6f2d242ba281a2b6c8c6465c
  languageName: node
  linkType: hard

"@types/geojson@npm:*":
  version: 7946.0.16
  resolution: "@types/geojson@npm:7946.0.16"
  checksum: d66e5e023f43b3e7121448117af1930af7d06410a32a585a8bc9c6bb5d97e0d656cd93d99e31fa432976c32e98d4b780f82bf1fd1acd20ccf952eb6b8e39edf2
  languageName: node
  linkType: hard

"@types/prop-types@npm:*":
  version: 15.7.15
  resolution: "@types/prop-types@npm:15.7.15"
  checksum: 31aa2f59b28f24da6fb4f1d70807dae2aedfce090ec63eaf9ea01727a9533ef6eaf017de5bff99fbccad7d1c9e644f52c6c2ba30869465dd22b1a7221c29f356
  languageName: node
  linkType: hard

"@types/react-dom@npm:^18.3.0":
  version: 18.3.7
  resolution: "@types/react-dom@npm:18.3.7"
  peerDependencies:
    "@types/react": ^18.0.0
  checksum: c8b63ec944d2a68992b4dba474003fe55ee1d949c4b9c8fe97eecb2290de23f76acfb670b2f7ceb46a5fc8e46808d1745369b03edda48a7a0cf730eff4c5d315
  languageName: node
  linkType: hard

"@types/react@npm:^18.3.3":
  version: 18.3.30
  resolution: "@types/react@npm:18.3.30"
  dependencies:
    "@types/prop-types": "*"
    csstype: ^3.2.2
  checksum: 9bcdec720af4c3194c5ba8939cca64851743fb9ecf99bd40a1706bb352c988286523fbe8a37e42f4b828a3c05bad68bd6b5762c76c46d2fab8a304862265410f
  languageName: node
  linkType: hard

"airun@workspace:.":
  version: 0.0.0-use.local
  resolution: "airun@workspace:."
  dependencies:
    turbo: ^2.5.0
    typescript: ^5.5.4
  languageName: unknown
  linkType: soft

"classcat@npm:^5.0.3, classcat@npm:^5.0.4":
  version: 5.0.5
  resolution: "classcat@npm:5.0.5"
  checksum: 19bdeb99b8923b47f9df978b6ef2c5a4cc3bcaa8fb6be16244e31fad619b291b366429747331903ac2ea27560ffd6066d14089a99c95535ce0f1e897525fa63d
  languageName: node
  linkType: hard

"csstype@npm:^3.2.2":
  version: 3.2.3
  resolution: "csstype@npm:3.2.3"
  checksum: cb882521b3398958a1ce6ca98c011aec0bde1c77ecaf8a1dd4db3b112a189939beae3b1308243b2fe50fc27eb3edeb0f73a5a4d91d928765dc6d5ecc7bda92ee
  languageName: node
  linkType: hard

"d3-color@npm:1 - 3":
  version: 3.1.0
  resolution: "d3-color@npm:3.1.0"
  checksum: 4931fbfda5d7c4b5cfa283a13c91a954f86e3b69d75ce588d06cde6c3628cebfc3af2069ccf225e982e8987c612aa7948b3932163ce15eb3c11cd7c003f3ee3b
  languageName: node
  linkType: hard

"d3-dispatch@npm:1 - 3":
  version: 3.0.1
  resolution: "d3-dispatch@npm:3.0.1"
  checksum: fdfd4a230f46463e28e5b22a45dd76d03be9345b605e1b5dc7d18bd7ebf504e6c00ae123fd6d03e23d9e2711e01f0e14ea89cd0632545b9f0c00b924ba4be223
  languageName: node
  linkType: hard

"d3-drag@npm:2 - 3, d3-drag@npm:^3.0.0":
  version: 3.0.0
  resolution: "d3-drag@npm:3.0.0"
  dependencies:
    d3-dispatch: 1 - 3
    d3-selection: 3
  checksum: d297231e60ecd633b0d076a63b4052b436ddeb48b5a3a11ff68c7e41a6774565473a6b064c5e9256e88eca6439a917ab9cea76032c52d944ddbf4fd289e31111
  languageName: node
  linkType: hard

"d3-ease@npm:1 - 3":
  version: 3.0.1
  resolution: "d3-ease@npm:3.0.1"
  checksum: 06e2ee5326d1e3545eab4e2c0f84046a123dcd3b612e68858219aa034da1160333d9ce3da20a1d3486d98cb5c2a06f7d233eee1bc19ce42d1533458bd85dedcd
  languageName: node
  linkType: hard

"d3-interpolate@npm:1 - 3":
  version: 3.0.1
  resolution: "d3-interpolate@npm:3.0.1"
  dependencies:
    d3-color: 1 - 3
  checksum: a42ba314e295e95e5365eff0f604834e67e4a3b3c7102458781c477bd67e9b24b6bb9d8e41ff5521050a3f2c7c0c4bbbb6e187fd586daa3980943095b267e78b
  languageName: node
  linkType: hard

"d3-selection@npm:2 - 3, d3-selection@npm:3, d3-selection@npm:^3.0.0":
  version: 3.0.0
  resolution: "d3-selection@npm:3.0.0"
  checksum: f4e60e133309115b99f5b36a79ae0a19d71ee6e2d5e3c7216ef3e75ebd2cb1e778c2ed2fa4c01bef35e0dcbd96c5428f5bd6ca2184fe2957ed582fde6841cbc5
  languageName: node
  linkType: hard

"d3-timer@npm:1 - 3":
  version: 3.0.1
  resolution: "d3-timer@npm:3.0.1"
  checksum: 1cfddf86d7bca22f73f2c427f52dfa35c49f50d64e187eb788dcad6e927625c636aa18ae4edd44d084eb9d1f81d8ca4ec305dae7f733c15846a824575b789d73
  languageName: node
  linkType: hard

"d3-transition@npm:2 - 3":
  version: 3.0.1
  resolution: "d3-transition@npm:3.0.1"
  dependencies:
    d3-color: 1 - 3
    d3-dispatch: 1 - 3
    d3-ease: 1 - 3
    d3-interpolate: 1 - 3
    d3-timer: 1 - 3
  peerDependencies:
    d3-selection: 2 - 3
  checksum: cb1e6e018c3abf0502fe9ff7b631ad058efb197b5e14b973a410d3935aead6e3c07c67d726cfab258e4936ef2667c2c3d1cd2037feb0765f0b4e1d3b8788c0ea
  languageName: node
  linkType: hard

"d3-zoom@npm:^3.0.0":
  version: 3.0.0
  resolution: "d3-zoom@npm:3.0.0"
  dependencies:
    d3-dispatch: 1 - 3
    d3-drag: 2 - 3
    d3-interpolate: 1 - 3
    d3-selection: 2 - 3
    d3-transition: 2 - 3
  checksum: 8056e3527281cfd1ccbcbc458408f86973b0583e9dac00e51204026d1d36803ca437f970b5736f02fafed9f2b78f145f72a5dbc66397e02d4d95d4c594b8ff54
  languageName: node
  linkType: hard

"js-tokens@npm:^3.0.0 || ^4.0.0":
  version: 4.0.0
  resolution: "js-tokens@npm:4.0.0"
  checksum: 8a95213a5a77deb6cbe94d86340e8d9ace2b93bc367790b260101d2f36a2eaf4e4e22d9fa9cf459b38af3a32fb4190e638024cf82ec95ef708680e405ea7cc78
  languageName: node
  linkType: hard

"loose-envify@npm:^1.1.0":
  version: 1.4.0
  resolution: "loose-envify@npm:1.4.0"
  dependencies:
    js-tokens: ^3.0.0 || ^4.0.0
  bin:
    loose-envify: cli.js
  checksum: 6517e24e0cad87ec9888f500c5b5947032cdfe6ef65e1c1936a0c48a524b81e65542c9c3edc91c97d5bddc806ee2a985dbc79be89215d613b1de5db6d1cfe6f4
  languageName: node
  linkType: hard

"react-dom@npm:^18.3.1":
  version: 18.3.1
  resolution: "react-dom@npm:18.3.1"
  dependencies:
    loose-envify: ^1.1.0
    scheduler: ^0.23.2
  peerDependencies:
    react: ^18.3.1
  checksum: 298954ecd8f78288dcaece05e88b570014d8f6dce5db6f66e6ee91448debeb59dcd31561dddb354eee47e6c1bb234669459060deb238ed0213497146e555a0b9
  languageName: node
  linkType: hard

"react@npm:^18.3.1":
  version: 18.3.1
  resolution: "react@npm:18.3.1"
  dependencies:
    loose-envify: ^1.1.0
  checksum: a27bcfa8ff7c15a1e50244ad0d0c1cb2ad4375eeffefd266a64889beea6f6b64c4966c9b37d14ee32d6c9fcd5aa6ba183b6988167ab4d127d13e7cb5b386a376
  languageName: node
  linkType: hard

"reactflow@npm:^11.11.4":
  version: 11.11.4
  resolution: "reactflow@npm:11.11.4"
  dependencies:
    "@reactflow/background": 11.3.14
    "@reactflow/controls": 11.2.14
    "@reactflow/core": 11.11.4
    "@reactflow/minimap": 11.7.14
    "@reactflow/node-resizer": 2.2.14
    "@reactflow/node-toolbar": 1.3.14
  peerDependencies:
    react: ">=17"
    react-dom: ">=17"
  checksum: 02f7f8ede0679ca4a5a6eb44546a0299c9effd2acbfc1b5b542693e3f0a32e44a4999ad689769cd9f1c0f974f0024242cc57c2d72b102c9c5cb7f3d951b317a6
  languageName: node
  linkType: hard

"scheduler@npm:^0.23.2":
  version: 0.23.2
  resolution: "scheduler@npm:0.23.2"
  dependencies:
    loose-envify: ^1.1.0
  checksum: 3e82d1f419e240ef6219d794ff29c7ee415fbdc19e038f680a10c067108e06284f1847450a210b29bbaf97b9d8a97ced5f624c31c681248ac84c80d56ad5a2c4
  languageName: node
  linkType: hard

"turbo@npm:^2.5.0":
  version: 2.9.16
  resolution: "turbo@npm:2.9.16"
  dependencies:
    "@turbo/darwin-64": 2.9.16
    "@turbo/darwin-arm64": 2.9.16
    "@turbo/linux-64": 2.9.16
    "@turbo/linux-arm64": 2.9.16
    "@turbo/windows-64": 2.9.16
    "@turbo/windows-arm64": 2.9.16
  dependenciesMeta:
    "@turbo/darwin-64":
      optional: true
    "@turbo/darwin-arm64":
      optional: true
    "@turbo/linux-64":
      optional: true
    "@turbo/linux-arm64":
      optional: true
    "@turbo/windows-64":
      optional: true
    "@turbo/windows-arm64":
      optional: true
  bin:
    turbo: bin/turbo
  checksum: cf86fa622ae85d6525a1ad9fc9629f707eedb57497cb847311f8a7f3820c69140fdd3155847d0b277411557ba030582760667cb89450efebf4baf6265930794c
  languageName: node
  linkType: hard

"typescript@npm:^5.5.4":
  version: 5.9.3
  resolution: "typescript@npm:5.9.3"
  bin:
    tsc: bin/tsc
    tsserver: bin/tsserver
  checksum: 0d0ffb84f2cd072c3e164c79a2e5a1a1f4f168e84cb2882ff8967b92afe1def6c2a91f6838fb58b168428f9458c57a2ba06a6737711fdd87a256bbe83e9a217f
  languageName: node
  linkType: hard

"typescript@patch:typescript@^5.5.4#~builtin<compat/typescript>":
  version: 5.9.3
  resolution: "typescript@patch:typescript@npm%3A5.9.3#~builtin<compat/typescript>::version=5.9.3&hash=77c9e2"
  bin:
    tsc: bin/tsc
    tsserver: bin/tsserver
  checksum: 8bb8d86819ac86a498eada254cad7fb69c5f74778506c700c2a712daeaff21d3a6f51fd0d534fe16903cb010d1b74f89437a3d02d4d0ff5ca2ba9a4660de8497
  languageName: node
  linkType: hard

"use-sync-external-store@npm:^1.2.2":
  version: 1.6.0
  resolution: "use-sync-external-store@npm:1.6.0"
  peerDependencies:
    react: ^16.8.0 || ^17.0.0 || ^18.0.0 || ^19.0.0
  checksum: 61a62e910713adfaf91bdb72ff2cd30e5ba83687accaf3b6e75a903b45bf635f5722e3694af30d83a03e92cb533c0a5c699298d2fef639a03ffc86b469f4eee2
  languageName: node
  linkType: hard

"zod@npm:^3.23.8":
  version: 3.25.76
  resolution: "zod@npm:3.25.76"
  checksum: c9a403a62b329188a5f6bd24d5d935d2bba345f7ab8151d1baa1505b5da9f227fb139354b043711490c798e91f3df75991395e40142e6510a4b16409f302b849
  languageName: node
  linkType: hard

"zustand@npm:^4.4.1":
  version: 4.5.7
  resolution: "zustand@npm:4.5.7"
  dependencies:
    use-sync-external-store: ^1.2.2
  peerDependencies:
    "@types/react": ">=16.8"
    immer: ">=9.0.6"
    react: ">=16.8"
  peerDependenciesMeta:
    "@types/react":
      optional: true
    immer:
      optional: true
    react:
      optional: true
  checksum: 103ab43456bbc3be6afe79b18a93c7fa46ffaa1aa35c45b213f13f4cd0868fee78b43c6805c6d80a822297df2e455fd021c28be94b80529ec4806b2724f20219
  languageName: node
  linkType: hard
